
Microsoft Visual Studio Solution File, Format Version 12.00
# Visual Studio 15
VisualStudioVersion = 15.0.27703.2035
MinimumVisualStudioVersion = 10.0.40219.1
Project("{9A19103F-16F7-4668-BE54-9A1E7A4F7556}") = "HRS", "HRS\HRS.csproj", "{448E596A-605D-4080-B56E-791D6A8F128D}"
EndProject
Global
	GlobalSection(SolutionConfigurationPlatforms) = preSolution
		Debug|Any CPU = Debug|Any CPU
		Release|Any CPU = Release|Any CPU
	EndGlobalSection
	GlobalSection(ProjectConfigurationPlatforms) = postSolution
		{448E596A-605D-4080-B56E-791D6A8F128D}.Debug|Any CPU.ActiveCfg = Debug|Any CPU
		{448E596A-605D-4080-B56E-791D6A8F128D}.Debug|Any CPU.Build.0 = Debug|Any CPU
		{448E596A-605D-4080-B56E-791D6A8F128D}.Release|Any CPU.ActiveCfg = Release|Any CPU
		{448E596A-605D-4080-B56E-791D6A8F128D}.Release|Any CPU.Build.0 = Release|Any CPU
	EndGlobalSection
	GlobalSection(SolutionProperties) = preSolution
		HideSolutionNode = FALSE
	EndGlobalSection
	GlobalSection(ExtensibilityGlobals) = postSolution
		SolutionGuid = {83431DAF-E062-427D-B3F7-34EFA67237FC}
	EndGlobalSection
EndGlobal
